
Microsoft Visual Studio Solution File, Format Version 12.00
# Visual Studio Version 18
VisualStudioVersion = 18.7.11903.348
MinimumVisualStudioVersion = 10.0.40219.1
Project("{8BC9CEB8-8B4A-11D0-8D11-00A0C91BC942}") = "flac", "flac\flac.vcxproj", "{5C570DAD-EB8C-4300-A0D7-2F0EE17721FB}"
EndProject
Project("{8BC9CEB8-8B4A-11D0-8D11-00A0C91BC942}") = "opus", "opus\opus.vcxproj", "{A338BEEC-3B6C-49A9-9218-4BE503607EA6}"
EndProject
Project("{8BC9CEB8-8B4A-11D0-8D11-00A0C91BC942}") = "ffmpeg", "ffmpeg\ffmpeg.vcxproj", "{B59B325A-6969-4D06-8864-1C4642962B1F}"
EndProject
Project("{8BC9CEB8-8B4A-11D0-8D11-00A0C91BC942}") = "openmpt", "openmpt\openmpt.vcxproj", "{DBF805AC-F226-40FA-A93E-E415B39F02CD}"
EndProject
Project("{8BC9CEB8-8B4A-11D0-8D11-00A0C91BC942}") = "ffmpeg_alac", "ffmpeg_alac\ffmpeg_alac.vcxproj", "{382C9880-E584-48D3-8A16-6980743C7FE6}"
EndProject
Project("{8BC9CEB8-8B4A-11D0-8D11-00A0C91BC942}") = "ffmpeg_aac", "ffmpeg_aac\ffmpeg_aac.vcxproj", "{415A856F-10D4-4DB2-833F-188AE7CB541C}"
EndProject
Global
	GlobalSection(SolutionConfigurationPlatforms) = preSolution
		Debug|x86 = Debug|x86
		Release|x86 = Release|x86
	EndGlobalSection
	GlobalSection(ProjectConfigurationPlatforms) = postSolution
		{5C570DAD-EB8C-4300-A0D7-2F0EE17721FB}.Debug|x86.ActiveCfg = Debug|Win32
		{5C570DAD-EB8C-4300-A0D7-2F0EE17721FB}.Debug|x86.Build.0 = Debug|Win32
		{5C570DAD-EB8C-4300-A0D7-2F0EE17721FB}.Release|x86.ActiveCfg = Release|Win32
		{5C570DAD-EB8C-4300-A0D7-2F0EE17721FB}.Release|x86.Build.0 = Release|Win32
		{A338BEEC-3B6C-49A9-9218-4BE503607EA6}.Debug|x86.ActiveCfg = Debug|Win32
		{A338BEEC-3B6C-49A9-9218-4BE503607EA6}.Debug|x86.Build.0 = Debug|Win32
		{A338BEEC-3B6C-49A9-9218-4BE503607EA6}.Release|x86.ActiveCfg = Release|Win32
		{A338BEEC-3B6C-49A9-9218-4BE503607EA6}.Release|x86.Build.0 = Release|Win32
		{B59B325A-6969-4D06-8864-1C4642962B1F}.Debug|x86.ActiveCfg = Debug|Win32
		{B59B325A-6969-4D06-8864-1C4642962B1F}.Debug|x86.Build.0 = Debug|Win32
		{B59B325A-6969-4D06-8864-1C4642962B1F}.Release|x86.ActiveCfg = Release|Win32
		{B59B325A-6969-4D06-8864-1C4642962B1F}.Release|x86.Build.0 = Release|Win32
		{DBF805AC-F226-40FA-A93E-E415B39F02CD}.Debug|x86.ActiveCfg = Debug|Win32
		{DBF805AC-F226-40FA-A93E-E415B39F02CD}.Release|x86.ActiveCfg = Release|Win32
		{DBF805AC-F226-40FA-A93E-E415B39F02CD}.Release|x86.Build.0 = Release|Win32
		{382C9880-E584-48D3-8A16-6980743C7FE6}.Debug|x86.ActiveCfg = Debug|Win32
		{382C9880-E584-48D3-8A16-6980743C7FE6}.Debug|x86.Build.0 = Debug|Win32
		{382C9880-E584-48D3-8A16-6980743C7FE6}.Release|x86.ActiveCfg = Release|Win32
		{382C9880-E584-48D3-8A16-6980743C7FE6}.Release|x86.Build.0 = Release|Win32
		{415A856F-10D4-4DB2-833F-188AE7CB541C}.Debug|x86.ActiveCfg = Debug|Win32
		{415A856F-10D4-4DB2-833F-188AE7CB541C}.Debug|x86.Build.0 = Debug|Win32
		{415A856F-10D4-4DB2-833F-188AE7CB541C}.Release|x86.ActiveCfg = Release|Win32
		{415A856F-10D4-4DB2-833F-188AE7CB541C}.Release|x86.Build.0 = Release|Win32
	EndGlobalSection
	GlobalSection(SolutionProperties) = preSolution
		HideSolutionNode = FALSE
	EndGlobalSection
	GlobalSection(ExtensibilityGlobals) = postSolution
		SolutionGuid = {50DFBFBD-D081-4820-B369-C32FB0299AA0}
	EndGlobalSection
EndGlobal
